// !$*UTF8*$!
{
	archiveVersion = 1;
	classes = {
	};
	objectVersion = 50;
	objects = {

/* Begin PBXBuildFile section */
		27092CB826680BB0004EBA7A /* AppDelegate.swift in Sources */ = {isa = PBXBuildFile; fileRef = 27092CB726680BB0004EBA7A /* AppDelegate.swift */; };
		27092CBA26680BB0004EBA7A /* SceneDelegate.swift in Sources */ = {isa = PBXBuildFile; fileRef = 27092CB926680BB0004EBA7A /* SceneDelegate.swift */; };
		27092CBC26680BB0004EBA7A /* ViewController.swift in Sources */ = {isa = PBXBuildFile; fileRef = 27092CBB26680BB0004EBA7A /* ViewController.swift */; };
		27092CBF26680BB0004EBA7A /* Main.storyboard in Resources */ = {isa = PBXBuildFile; fileRef = 27092CBD26680BB0004EBA7A /* Main.storyboard */; };
		27092CC226680BB0004EBA7A /* CoreDataDemo.xcdatamodeld in Sources */ = {isa = PBXBuildFile; fileRef = 27092CC026680BB0004EBA7A /* CoreDataDemo.xcdatamodeld */; };
		27092CC426680BB3004EBA7A /* Assets.xcassets in Resources */ = {isa = PBXBuildFile; fileRef = 27092CC326680BB3004EBA7A /* Assets.xcassets */; };
		27092CC726680BB3004EBA7A /* LaunchScreen.storyboard in Resources */ = {isa = PBXBuildFile; fileRef = 27092CC526680BB3004EBA7A /* LaunchScreen.storyboard */; };
		27092CD226680BB3004EBA7A /* CoreDataDemoTests.swift in Sources */ = {isa = PBXBuildFile; fileRef = 27092CD126680BB3004EBA7A /* CoreDataDemoTests.swift */; };
		27092CDD26680BB3004EBA7A /* CoreDataDemoUITests.swift in Sources */ = {isa = PBXBuildFile; fileRef = 27092CDC26680BB3004EBA7A /* CoreDataDemoUITests.swift */; };
/* End PBXBuildFile section */

/* Begin PBXContainerItemProxy section */
		27092CCE26680BB3004EBA7A /* PBXContainerItemProxy */ = {
			isa = PBXContainerItemProxy;
			containerPortal = 27092CAC26680BB0004EBA7A /* Project object */;
			proxyType = 1;
			remoteGlobalIDString = 27092CB326680BB0004EBA7A;
			remoteInfo = CoreDataDemo;
		};
		27092CD926680BB3004EBA7A /* PBXContainerItemProxy */ = {
			isa = PBXContainerItemProxy;
			containerPortal = 27092CAC26680BB0004EBA7A /* Project object */;
			proxyType = 1;
			remoteGlobalIDString = 27092CB326680BB0004EBA7A;
			remoteInfo = CoreDataDemo;
		};
/* End PBXContainerItemProxy section */

/* Begin PBXFileReference section */
		27092CB426680BB0004EBA7A /* CoreDataDemo.app */ = {isa = PBXFileReference; explicitFileType = wrapper.application; includeInIndex = 0; path = CoreDataDemo.app; sourceTree = BUILT_PRODUCTS_DIR; };
		27092CB726680BB0004EBA7A /* AppDelegate.swift */ = {isa = PBXFileReference; lastKnownFileType = sourcecode.swift; path = AppDelegate.swift; sourceTree = "<group>"; };
		27092CB926680BB0004EBA7A /* SceneDelegate.swift */ = {isa = PBXFileReference; lastKnownFileType = sourcecode.swift; path = SceneDelegate.swift; sourceTree = "<group>"; };
		27092CBB26680BB0004EBA7A /* ViewController.swift */ = {isa = PBXFileReference; lastKnownFileType = sourcecode.swift; path = ViewController.swift; sourceTree = "<group>"; };
		27092CBE26680BB0004EBA7A /* Base */ = {isa = PBXFileReference; lastKnownFileType = file.storyboard; name = Base; path = Base.lproj/Main.storyboard; sourceTree = "<group>"; };
		27092CC126680BB0004EBA7A /* CoreDataDemo.xcdatamodel */ = {isa = PBXFileReference; lastKnownFileType = wrapper.xcdatamodel; path = CoreDataDemo.xcdatamodel; sourceTree = "<group>"; };
		27092CC326680BB3004EBA7A /* Assets.xcassets */ = {isa = PBXFileReference; lastKnownFileType = folder.assetcatalog; path = Assets.xcassets; sourceTree = "<group>"; };
		27092CC626680BB3004EBA7A /* Base */ = {isa = PBXFileReference; lastKnownFileType = file.storyboard; name = Base; path = Base.lproj/LaunchScreen.storyboard; sourceTree = "<group>"; };
		27092CC826680BB3004EBA7A /* Info.plist */ = {isa = PBXFileReference; lastKnownFileType = text.plist.xml; path = Info.plist; sourceTree = "<group>"; };
		27092CCD26680BB3004EBA7A /* CoreDataDemoTests.xctest */ = {isa = PBXFileReference; explicitFileType = wrapper.cfbundle; includeInIndex = 0; path = CoreDataDemoTests.xctest; sourceTree = BUILT_PRODUCTS_DIR; };
		27092CD126680BB3004EBA7A /* CoreDataDemoTests.swift */ = {isa = PBXFileReference; lastKnownFileType = sourcecode.swift; path = CoreDataDemoTests.swift; sourceTree = "<group>"; };
		27092CD326680BB3004EBA7A /* Info.plist */ = {isa = PBXFileReference; lastKnownFileType = text.plist.xml; path = Info.plist; sourceTree = "<group>"; };
		27092CD826680BB3004EBA7A /* CoreDataDemoUITests.xctest */ = {isa = PBXFileReference; explicitFileType = wrapper.cfbundle; includeInIndex = 0; path = CoreDataDemoUITests.xctest; sourceTree = BUILT_PRODUCTS_DIR; };
		27092CDC26680BB3004EBA7A /* CoreDataDemoUITests.swift */ = {isa = PBXFileReference; lastKnownFileType = sourcecode.swift; path = CoreDataDemoUITests.swift; sourceTree = "<group>"; };
		27092CDE26680BB3004EBA7A /* Info.plist */ = {isa = PBXFileReference; lastKnownFileType = text.plist.xml; path = Info.plist; sourceTree = "<group>"; };
/* End PBXFileReference section */

/* Begin PBXFrameworksBuildPhase section */
		27092CB126680BB0004EBA7A /* Frameworks */ = {
			isa = PBXFrameworksBuildPhase;
			buildActionMask = 2147483647;
			files = (
			);
			runOnlyForDeploymentPostprocessing = 0;
		};
		27092CCA26680BB3004EBA7A /* Frameworks */ = {
			isa = PBXFrameworksBuildPhase;
			buildActionMask = 2147483647;
			files = (
			);
			runOnlyForDeploymentPostprocessing = 0;
		};
		27092CD526680BB3004EBA7A /* Frameworks */ = {
			isa = PBXFrameworksBuildPhase;
			buildActionMask = 2147483647;
			files = (
			);
			runOnlyForDeploymentPostprocessing = 0;
		};
/* End PBXFrameworksBuildPhase section */

/* Begin PBXGroup section */
		27092CAB26680BB0004EBA7A = {
			isa = PBXGroup;
			children = (
				27092CB626680BB0004EBA7A /* CoreDataDemo */,
				27092CD026680BB3004EBA7A /* CoreDataDemoTests */,
				27092CDB26680BB3004EBA7A /* CoreDataDemoUITests */,
				27092CB526680BB0004EBA7A /* Products */,
			);
			sourceTree = "<group>";
		};
		27092CB526680BB0004EBA7A /* Products */ = {
			isa = PBXGroup;
			children = (
				27092CB426680BB0004EBA7A /* CoreDataDemo.app */,
				27092CCD26680BB3004EBA7A /* CoreDataDemoTests.xctest */,
				27092CD826680BB3004EBA7A /* CoreDataDemoUITests.xctest */,
			);
			name = Products;
			sourceTree = "<group>";
		};
		27092CB626680BB0004EBA7A /* CoreDataDemo */ = {
			isa = PBXGroup;
			children = (
				27092CB726680BB0004EBA7A /* AppDelegate.swift */,
				27092CB926680BB0004EBA7A /* SceneDelegate.swift */,
				27092CBB26680BB0004EBA7A /* ViewController.swift */,
				27092CBD26680BB0004EBA7A /* Main.storyboard */,
				27092CC326680BB3004EBA7A /* Assets.xcassets */,
				27092CC526680BB3004EBA7A /* LaunchScreen.storyboard */,
				27092CC826680BB3004EBA7A /* Info.plist */,
				27092CC026680BB0004EBA7A /* CoreDataDemo.xcdatamodeld */,
			);
			path = CoreDataDemo;
			sourceTree = "<group>";
		};
		27092CD026680BB3004EBA7A /* CoreDataDemoTests */ = {
			isa = PBXGroup;
			children = (
				27092CD126680BB3004EBA7A /* CoreDataDemoTests.swift */,
				27092CD326680BB3004EBA7A /* Info.plist */,
			);
			path = CoreDataDemoTests;
			sourceTree = "<group>";
		};
		27092CDB26680BB3004EBA7A /* CoreDataDemoUITests */ = {
			isa = PBXGroup;
			children = (
				27092CDC26680BB3004EBA7A /* CoreDataDemoUITests.swift */,
				27092CDE26680BB3004EBA7A /* Info.plist */,
			);
			path = CoreDataDemoUITests;
			sourceTree = "<group>";
		};
/* End PBXGroup section */

/* Begin PBXNativeTarget section */
		27092CB326680BB0004EBA7A /* CoreDataDemo */ = {
			isa = PBXNativeTarget;
			buildConfigurationList = 27092CE126680BB3004EBA7A /* Build configuration list for PBXNativeTarget "CoreDataDemo" */;
			buildPhases = (
				27092CB026680BB0004EBA7A /* Sources */,
				27092CB126680BB0004EBA7A /* Frameworks */,
				27092CB226680BB0004EBA7A /* Resources */,
			);
			buildRules = (
			);
			dependencies = (
			);
			name = CoreDataDemo;
			productName = CoreDataDemo;
			productReference = 27092CB426680BB0004EBA7A /* CoreDataDemo.app */;
			productType = "com.apple.product-type.application";
		};
		27092CCC26680BB3004EBA7A /* CoreDataDemoTests */ = {
			isa = PBXNativeTarget;
			buildConfigurationList = 27092CE426680BB3004EBA7A /* Build configuration list for PBXNativeTarget "CoreDataDemoTests" */;
			buildPhases = (
				27092CC926680BB3004EBA7A /* Sources */,
				27092CCA26680BB3004EBA7A /* Frameworks */,
				27092CCB26680BB3004EBA7A /* Resources */,
			);
			buildRules = (
			);
			dependencies = (
				27092CCF26680BB3004EBA7A /* PBXTargetDependency */,
			);
			name = CoreDataDemoTests;
			productName = CoreDataDemoTests;
			productReference = 27092CCD26680BB3004EBA7A /* CoreDataDemoTests.xctest */;
			productType = "com.apple.product-type.bundle.unit-test";
		};
		27092CD726680BB3004EBA7A /* CoreDataDemoUITests */ = {
			isa = PBXNativeTarget;
			buildConfigurationList = 27092CE726680BB3004EBA7A /* Build configuration list for PBXNativeTarget "CoreDataDemoUITests" */;
			buildPhases = (
				27092CD426680BB3004EBA7A /* Sources */,
				27092CD526680BB3004EBA7A /* Frameworks */,
				27092CD626680BB3004EBA7A /* Resources */,
			);
			buildRules = (
			);
			dependencies = (
				27092CDA26680BB3004EBA7A /* PBXTargetDependency */,
			);
			name = CoreDataDemoUITests;
			productName = CoreDataDemoUITests;
			productReference = 27092CD826680BB3004EBA7A /* CoreDataDemoUITests.xctest */;
			productType = "com.apple.product-type.bundle.ui-testing";
		};
/* End PBXNativeTarget section */

/* Begin PBXProject section */
		27092CAC26680BB0004EBA7A /* Project object */ = {
			isa = PBXProject;
			attributes = {
				LastSwiftUpdateCheck = 1250;
				LastUpgradeCheck = 1250;
				TargetAttributes = {
					27092CB326680BB0004EBA7A = {
						CreatedOnToolsVersion = 12.5;
					};
					27092CCC26680BB3004EBA7A = {
						CreatedOnToolsVersion = 12.5;
						TestTargetID = 27092CB326680BB0004EBA7A;
					};
					27092CD726680BB3004EBA7A = {
						CreatedOnToolsVersion = 12.5;
						TestTargetID = 27092CB326680BB0004EBA7A;
					};
				};
			};
			buildConfigurationList = 27092CAF26680BB0004EBA7A /* Build configuration list for PBXProject "CoreDataDemo" */;
			compatibilityVersion = "Xcode 9.3";
			developmentRegion = en;
			hasScannedForEncodings = 0;
			knownRegions = (
				en,
				Base,
			);
			mainGroup = 27092CAB26680BB0004EBA7A;
			productRefGroup = 27092CB526680BB0004EBA7A /* Products */;
			projectDirPath = "";
			projectRoot = "";
			targets = (
				27092CB326680BB0004EBA7A /* CoreDataDemo */,
				27092CCC26680BB3004EBA7A /* CoreDataDemoTests */,
				27092CD726680BB3004EBA7A /* CoreDataDemoUITests */,
			);
		};
/* End PBXProject section */

/* Begin PBXResourcesBuildPhase section */
		27092CB226680BB0004EBA7A /* Resources */ = {
			isa = PBXResourcesBuildPhase;
			buildActionMask = 2147483647;
			files = (
				27092CC726680BB3004EBA7A /* LaunchScreen.storyboard in Resources */,
				27092CC426680BB3004EBA7A /* Assets.xcassets in Resources */,
				27092CBF26680BB0004EBA7A /* Main.storyboard in Resources */,
			);
			runOnlyForDeploymentPostprocessing = 0;
		};
		27092CCB26680BB3004EBA7A /* Resources */ = {
			isa = PBXResourcesBuildPhase;
			buildActionMask = 2147483647;
			files = (
			);
			runOnlyForDeploymentPostprocessing = 0;
		};
		27092CD626680BB3004EBA7A /* Resources */ = {
			isa = PBXResourcesBuildPhase;
			buildActionMask = 2147483647;
			files = (
			);
			runOnlyForDeploymentPostprocessing = 0;
		};
/* End PBXResourcesBuildPhase section */

/* Begin PBXSourcesBuildPhase section */
		27092CB026680BB0004EBA7A /* Sources */ = {
			isa = PBXSourcesBuildPhase;
			buildActionMask = 2147483647;
			files = (
				27092CBC26680BB0004EBA7A /* ViewController.swift in Sources */,
				27092CC226680BB0004EBA7A /* CoreDataDemo.xcdatamodeld in Sources */,
				27092CB826680BB0004EBA7A /* AppDelegate.swift in Sources */,
				27092CBA26680BB0004EBA7A /* SceneDelegate.swift in Sources */,
			);
			runOnlyForDeploymentPostprocessing = 0;
		};
		27092CC926680BB3004EBA7A /* Sources */ = {
			isa = PBXSourcesBuildPhase;
			buildActionMask = 2147483647;
			files = (
				27092CD226680BB3004EBA7A /* CoreDataDemoTests.swift in Sources */,
			);
			runOnlyForDeploymentPostprocessing = 0;
		};
		27092CD426680BB3004EBA7A /* Sources */ = {
			isa = PBXSourcesBuildPhase;
			buildActionMask = 2147483647;
			files = (
				27092CDD26680BB3004EBA7A /* CoreDataDemoUITests.swift in Sources */,
			);
			runOnlyForDeploymentPostprocessing = 0;
		};
/* End PBXSourcesBuildPhase section */

/* Begin PBXTargetDependency section */
		27092CCF26680BB3004EBA7A /* PBXTargetDependency */ = {
			isa = PBXTargetDependency;
			target = 27092CB326680BB0004EBA7A /* CoreDataDemo */;
			targetProxy = 27092CCE26680BB3004EBA7A /* PBXContainerItemProxy */;
		};
		27092CDA26680BB3004EBA7A /* PBXTargetDependency */ = {
			isa = PBXTargetDependency;
			target = 27092CB326680BB0004EBA7A /* CoreDataDemo */;
			targetProxy = 27092CD926680BB3004EBA7A /* PBXContainerItemProxy */;
		};
/* End PBXTargetDependency section */

/* Begin PBXVariantGroup section */
		27092CBD26680BB0004EBA7A /* Main.storyboard */ = {
			isa = PBXVariantGroup;
			children = (
				27092CBE26680BB0004EBA7A /* Base */,
			);
			name = Main.storyboard;
			sourceTree = "<group>";
		};
		27092CC526680BB3004EBA7A /* LaunchScreen.storyboard */ = {
			isa = PBXVariantGroup;
			children = (
				27092CC626680BB3004EBA7A /* Base */,
			);
			name = LaunchScreen.storyboard;
			sourceTree = "<group>";
		};
/* End PBXVariantGroup section */

/* Begin XCBuildConfiguration section */
		27092CDF26680BB3004EBA7A /* Debug */ = {
			isa = XCBuildConfiguration;
			buildSettings = {
				ALWAYS_SEARCH_USER_PATHS = NO;
				CLANG_ANALYZER_NONNULL = YES;
				CLANG_ANALYZER_NUMBER_OBJECT_CONVERSION = YES_AGGRESSIVE;
				CLANG_CXX_LANGUAGE_STANDARD = "gnu++14";
				CLANG_CXX_LIBRARY = "libc++";
				CLANG_ENABLE_MODULES = YES;
				CLANG_ENABLE_OBJC_ARC = YES;
				CLANG_ENABLE_OBJC_WEAK = YES;
				CLANG_WARN_BLOCK_CAPTURE_AUTORELEASING = YES;
				CLANG_WARN_BOOL_CONVERSION = YES;
				CLANG_WARN_COMMA = YES;
				CLANG_WARN_CONSTANT_CONVERSION = YES;
				CLANG_WARN_DEPRECATED_OBJC_IMPLEMENTATIONS = YES;
				CLANG_WARN_DIRECT_OBJC_ISA_USAGE = YES_ERROR;
				CLANG_WARN_DOCUMENTATION_COMMENTS = YES;
				CLANG_WARN_EMPTY_BODY = YES;
				CLANG_WARN_ENUM_CONVERSION = YES;
				CLANG_WARN_INFINITE_RECURSION = YES;
				CLANG_WARN_INT_CONVERSION = YES;
				CLANG_WARN_NON_LITERAL_NULL_CONVERSION = YES;
				CLANG_WARN_OBJC_IMPLICIT_RETAIN_SELF = YES;
				CLANG_WARN_OBJC_LITERAL_CONVERSION = YES;
				CLANG_WARN_OBJC_ROOT_CLASS = YES_ERROR;
				CLANG_WARN_QUOTED_INCLUDE_IN_FRAMEWORK_HEADER = YES;
				CLANG_WARN_RANGE_LOOP_ANALYSIS = YES;
				CLANG_WARN_STRICT_PROTOTYPES = YES;
				CLANG_WARN_SUSPICIOUS_MOVE = YES;
				CLANG_WARN_UNGUARDED_AVAILABILITY = YES_AGGRESSIVE;
				CLANG_WARN_UNREACHABLE_CODE = YES;
				CLANG_WARN__DUPLICATE_METHOD_MATCH = YES;
				COPY_PHASE_STRIP = NO;
				DEBUG_INFORMATION_FORMAT = dwarf;
				ENABLE_STRICT_OBJC_MSGSEND = YES;
				ENABLE_TESTABILITY = YES;
				GCC_C_LANGUAGE_STANDARD = gnu11;
				GCC_DYNAMIC_NO_PIC = NO;
				GCC_NO_COMMON_BLOCKS = YES;
				GCC_OPTIMIZATION_LEVEL = 0;
				GCC_PREPROCESSOR_DEFINITIONS = (
					"DEBUG=1",
					"$(inherited)",
				);
				GCC_WARN_64_TO_32_BIT_CONVERSION = YES;
				GCC_WARN_ABOUT_RETURN_TYPE = YES_ERROR;
				GCC_WARN_UNDECLARED_SELECTOR = YES;
				GCC_WARN_UNINITIALIZED_AUTOS = YES_AGGRESSIVE;
				GCC_WARN_UNUSED_FUNCTION = YES;
				GCC_WARN_UNUSED_VARIABLE = YES;
				IPHONEOS_DEPLOYMENT_TARGET = 14.5;
				MTL_ENABLE_DEBUG_INFO = INCLUDE_SOURCE;
				MTL_FAST_MATH = YES;
				ONLY_ACTIVE_ARCH = YES;
				SDKROOT = iphoneos;
				SWIFT_ACTIVE_COMPILATION_CONDITIONS = DEBUG;
				SWIFT_OPTIMIZATION_LEVEL = "-Onone";
			};
			name = Debug;
		};
		27092CE026680BB3004EBA7A /* Release */ = {
			isa = XCBuildConfiguration;
			buildSettings = {
				ALWAYS_SEARCH_USER_PATHS = NO;
				CLANG_ANALYZER_NONNULL = YES;
				CLANG_ANALYZER_NUMBER_OBJECT_CONVERSION = YES_AGGRESSIVE;
				CLANG_CXX_LANGUAGE_STANDARD = "gnu++14";
				CLANG_CXX_LIBRARY = "libc++";
				CLANG_ENABLE_MODULES = YES;
				CLANG_ENABLE_OBJC_ARC = YES;
				CLANG_ENABLE_OBJC_WEAK = YES;
				CLANG_WARN_BLOCK_CAPTURE_AUTORELEASING = YES;
				CLANG_WARN_BOOL_CONVERSION = YES;
				CLANG_WARN_COMMA = YES;
				CLANG_WARN_CONSTANT_CONVERSION = YES;
				CLANG_WARN_DEPRECATED_OBJC_IMPLEMENTATIONS = YES;
				CLANG_WARN_DIRECT_OBJC_ISA_USAGE = YES_ERROR;
				CLANG_WARN_DOCUMENTATION_COMMENTS = YES;
				CLANG_WARN_EMPTY_BODY = YES;
				CLANG_WARN_ENUM_CONVERSION = YES;
				CLANG_WARN_INFINITE_RECURSION = YES;
				CLANG_WARN_INT_CONVERSION = YES;
				CLANG_WARN_NON_LITERAL_NULL_CONVERSION = YES;
				CLANG_WARN_OBJC_IMPLICIT_RETAIN_SELF = YES;
				CLANG_WARN_OBJC_LITERAL_CONVERSION = YES;
				CLANG_WARN_OBJC_ROOT_CLASS = YES_ERROR;
				CLANG_WARN_QUOTED_INCLUDE_IN_FRAMEWORK_HEADER = YES;
				CLANG_WARN_RANGE_LOOP_ANALYSIS = YES;
				CLANG_WARN_STRICT_PROTOTYPES = YES;
				CLANG_WARN_SUSPICIOUS_MOVE = YES;
				CLANG_WARN_UNGUARDED_AVAILABILITY = YES_AGGRESSIVE;
				CLANG_WARN_UNREACHABLE_CODE = YES;
				CLANG_WARN__DUPLICATE_METHOD_MATCH = YES;
				COPY_PHASE_STRIP = NO;
				DEBUG_INFORMATION_FORMAT = "dwarf-with-dsym";
				ENABLE_NS_ASSERTIONS = NO;
				ENABLE_STRICT_OBJC_MSGSEND = YES;
				GCC_C_LANGUAGE_STANDARD = gnu11;
				GCC_NO_COMMON_BLOCKS = YES;
				GCC_WARN_64_TO_32_BIT_CONVERSION = YES;
				GCC_WARN_ABOUT_RETURN_TYPE = YES_ERROR;
				GCC_WARN_UNDECLARED_SELECTOR = YES;
				GCC_WARN_UNINITIALIZED_AUTOS = YES_AGGRESSIVE;
				GCC_WARN_UNUSED_FUNCTION = YES;
				GCC_WARN_UNUSED_VARIABLE = YES;
				IPHONEOS_DEPLOYMENT_TARGET = 14.5;
				MTL_ENABLE_DEBUG_INFO = NO;
				MTL_FAST_MATH = YES;
				SDKROOT = iphoneos;
				SWIFT_COMPILATION_MODE = wholemodule;
				SWIFT_OPTIMIZATION_LEVEL = "-O";
				VALIDATE_PRODUCT = YES;
			};
			name = Release;
		};
		27092CE226680BB3004EBA7A /* Debug */ = {
			isa = XCBuildConfiguration;
			buildSettings = {
				ASSETCATALOG_COMPILER_APPICON_NAME = AppIcon;
				ASSETCATALOG_COMPILER_GLOBAL_ACCENT_COLOR_NAME = AccentColor;
				CODE_SIGN_STYLE = Automatic;
				INFOPLIST_FILE = CoreDataDemo/Info.plist;
				LD_RUNPATH_SEARCH_PATHS = (
					"$(inherited)",
					"@executable_path/Frameworks",
				);
				PRODUCT_BUNDLE_IDENTIFIER = sew.CoreDataDemo;
				PRODUCT_NAME = "$(TARGET_NAME)";
				SWIFT_VERSION = 5.0;
				TARGETED_DEVICE_FAMILY = "1,2";
			};
			name = Debug;
		};
		27092CE326680BB3004EBA7A /* Release */ = {
			isa = XCBuildConfiguration;
			buildSettings = {
				ASSETCATALOG_COMPILER_APPICON_NAME = AppIcon;
				ASSETCATALOG_COMPILER_GLOBAL_ACCENT_COLOR_NAME = AccentColor;
				CODE_SIGN_STYLE = Automatic;
				INFOPLIST_FILE = CoreDataDemo/Info.plist;
				LD_RUNPATH_SEARCH_PATHS = (
					"$(inherited)",
					"@executable_path/Frameworks",
				);
				PRODUCT_BUNDLE_IDENTIFIER = sew.CoreDataDemo;
				PRODUCT_NAME = "$(TARGET_NAME)";
				SWIFT_VERSION = 5.0;
				TARGETED_DEVICE_FAMILY = "1,2";
			};
			name = Release;
		};
		27092CE526680BB3004EBA7A /* Debug */ = {
			isa = XCBuildConfiguration;
			buildSettings = {
				ALWAYS_EMBED_SWIFT_STANDARD_LIBRARIES = YES;
				BUNDLE_LOADER = "$(TEST_HOST)";
				CODE_SIGN_STYLE = Automatic;
				INFOPLIST_FILE = CoreDataDemoTests/Info.plist;
				IPHONEOS_DEPLOYMENT_TARGET = 14.5;
				LD_RUNPATH_SEARCH_PATHS = (
					"$(inherited)",
					"@executable_path/Frameworks",
					"@loader_path/Frameworks",
				);
				PRODUCT_BUNDLE_IDENTIFIER = sew.CoreDataDemoTests;
				PRODUCT_NAME = "$(TARGET_NAME)";
				SWIFT_VERSION = 5.0;
				TARGETED_DEVICE_FAMILY = "1,2";
				TEST_HOST = "$(BUILT_PRODUCTS_DIR)/CoreDataDemo.app/CoreDataDemo";
			};
			name = Debug;
		};
		27092CE626680BB3004EBA7A /* Release */ = {
			isa = XCBuildConfiguration;
			buildSettings = {
				ALWAYS_EMBED_SWIFT_STANDARD_LIBRARIES = YES;
				BUNDLE_LOADER = "$(TEST_HOST)";
				CODE_SIGN_STYLE = Automatic;
				INFOPLIST_FILE = CoreDataDemoTests/Info.plist;
				IPHONEOS_DEPLOYMENT_TARGET = 14.5;
				LD_RUNPATH_SEARCH_PATHS = (
					"$(inherited)",
					"@executable_path/Frameworks",
					"@loader_path/Frameworks",
				);
				PRODUCT_BUNDLE_IDENTIFIER = sew.CoreDataDemoTests;
				PRODUCT_NAME = "$(TARGET_NAME)";
				SWIFT_VERSION = 5.0;
				TARGETED_DEVICE_FAMILY = "1,2";
				TEST_HOST = "$(BUILT_PRODUCTS_DIR)/CoreDataDemo.app/CoreDataDemo";
			};
			name = Release;
		};
		27092CE826680BB3004EBA7A /* Debug */ = {
			isa = XCBuildConfiguration;
			buildSettings = {
				ALWAYS_EMBED_SWIFT_STANDARD_LIBRARIES = YES;
				CODE_SIGN_STYLE = Automatic;
				INFOPLIST_FILE = CoreDataDemoUITests/Info.plist;
				LD_RUNPATH_SEARCH_PATHS = (
					"$(inherited)",
					"@executable_path/Frameworks",
					"@loader_path/Frameworks",
				);
				PRODUCT_BUNDLE_IDENTIFIER = sew.CoreDataDemoUITests;
				PRODUCT_NAME = "$(TARGET_NAME)";
				SWIFT_VERSION = 5.0;
				TARGETED_DEVICE_FAMILY = "1,2";
				TEST_TARGET_NAME = CoreDataDemo;
			};
			name = Debug;
		};
		27092CE926680BB3004EBA7A /* Release */ = {
			isa = XCBuildConfiguration;
			buildSettings = {
				ALWAYS_EMBED_SWIFT_STANDARD_LIBRARIES = YES;
				CODE_SIGN_STYLE = Automatic;
				INFOPLIST_FILE = CoreDataDemoUITests/Info.plist;
				LD_RUNPATH_SEARCH_PATHS = (
					"$(inherited)",
					"@executable_path/Frameworks",
					"@loader_path/Frameworks",
				);
				PRODUCT_BUNDLE_IDENTIFIER = sew.CoreDataDemoUITests;
				PRODUCT_NAME = "$(TARGET_NAME)";
				SWIFT_VERSION = 5.0;
				TARGETED_DEVICE_FAMILY = "1,2";
				TEST_TARGET_NAME = CoreDataDemo;
			};
			name = Release;
		};
/* End XCBuildConfiguration section */

/* Begin XCConfigurationList section */
		27092CAF26680BB0004EBA7A /* Build configuration list for PBXProject "CoreDataDemo" */ = {
			isa = XCConfigurationList;
			buildConfigurations = (
				27092CDF26680BB3004EBA7A /* Debug */,
				27092CE026680BB3004EBA7A /* Release */,
			);
			defaultConfigurationIsVisible = 0;
			defaultConfigurationName = Release;
		};
		27092CE126680BB3004EBA7A /* Build configuration list for PBXNativeTarget "CoreDataDemo" */ = {
			isa = XCConfigurationList;
			buildConfigurations = (
				27092CE226680BB3004EBA7A /* Debug */,
				27092CE326680BB3004EBA7A /* Release */,
			);
			defaultConfigurationIsVisible = 0;
			defaultConfigurationName = Release;
		};
		27092CE426680BB3004EBA7A /* Build configuration list for PBXNativeTarget "CoreDataDemoTests" */ = {
			isa = XCConfigurationList;
			buildConfigurations = (
				27092CE526680BB3004EBA7A /* Debug */,
				27092CE626680BB3004EBA7A /* Release */,
			);
			defaultConfigurationIsVisible = 0;
			defaultConfigurationName = Release;
		};
		27092CE726680BB3004EBA7A /* Build configuration list for PBXNativeTarget "CoreDataDemoUITests" */ = {
			isa = XCConfigurationList;
			buildConfigurations = (
				27092CE826680BB3004EBA7A /* Debug */,
				27092CE926680BB3004EBA7A /* Release */,
			);
			defaultConfigurationIsVisible = 0;
			defaultConfigurationName = Release;
		};
/* End XCConfigurationList section */

/* Begin XCVersionGroup section */
		27092CC026680BB0004EBA7A /* CoreDataDemo.xcdatamodeld */ = {
			isa = XCVersionGroup;
			children = (
				27092CC126680BB0004EBA7A /* CoreDataDemo.xcdatamodel */,
			);
			currentVersion = 27092CC126680BB0004EBA7A /* CoreDataDemo.xcdatamodel */;
			path = CoreDataDemo.xcdatamodeld;
			sourceTree = "<group>";
			versionGroupType = wrapper.xcdatamodel;
		};
/* End XCVersionGroup section */
	};
	rootObject = 27092CAC26680BB0004EBA7A /* Project object */;
}
